// !$*UTF8*$!
{
	archiveVersion = 1;
	classes = {
	};
	objectVersion = 50;
	objects = {

/* Begin PBXBuildFile section */
		879EA090254487BF00585328 /* AppDelegate.swift in Sources */ = {isa = PBXBuildFile; fileRef = 879EA08F254487BF00585328 /* AppDelegate.swift */; };
		879EA094254487BF00585328 /* QuestionViewController.swift in Sources */ = {isa = PBXBuildFile; fileRef = 879EA093254487BF00585328 /* QuestionViewController.swift */; };
		879EA097254487BF00585328 /* Main.storyboard in Resources */ = {isa = PBXBuildFile; fileRef = 879EA095254487BF00585328 /* Main.storyboard */; };
		879EA0AE254489F300585328 /* Question.swift in Sources */ = {isa = PBXBuildFile; fileRef = 879EA0AD254489F300585328 /* Question.swift */; };
		879EA0B125448A1A00585328 /* QuestionGroup.swift in Sources */ = {isa = PBXBuildFile; fileRef = 879EA0B025448A1A00585328 /* QuestionGroup.swift */; };
		879EA0B425448A7500585328 /* QuestionGroupData.swift in Sources */ = {isa = PBXBuildFile; fileRef = 879EA0B325448A7500585328 /* QuestionGroupData.swift */; };
		879EA0B825448A8200585328 /* Assets.xcassets in Resources */ = {isa = PBXBuildFile; fileRef = 879EA0B725448A8200585328 /* Assets.xcassets */; };
		879EA0BC25448ABD00585328 /* LaunchScreen.storyboard in Resources */ = {isa = PBXBuildFile; fileRef = 879EA0BB25448ABD00585328 /* LaunchScreen.storyboard */; };
/* End PBXBuildFile section */

/* Begin PBXFileReference section */
		879EA08C254487BF00585328 /* RabbleWabble.app */ = {isa = PBXFileReference; explicitFileType = wrapper.application; includeInIndex = 0; path = RabbleWabble.app; sourceTree = BUILT_PRODUCTS_DIR; };
		879EA08F254487BF00585328 /* AppDelegate.swift */ = {isa = PBXFileReference; lastKnownFileType = sourcecode.swift; path = AppDelegate.swift; sourceTree = "<group>"; };
		879EA093254487BF00585328 /* QuestionViewController.swift */ = {isa = PBXFileReference; lastKnownFileType = sourcecode.swift; path = QuestionViewController.swift; sourceTree = "<group>"; };
		879EA096254487BF00585328 /* Base */ = {isa = PBXFileReference; lastKnownFileType = file.storyboard; name = Base; path = Base.lproj/Main.storyboard; sourceTree = "<group>"; };
		879EA09D254487C000585328 /* Info.plist */ = {isa = PBXFileReference; lastKnownFileType = text.plist.xml; path = Info.plist; sourceTree = "<group>"; };
		879EA0AD254489F300585328 /* Question.swift */ = {isa = PBXFileReference; lastKnownFileType = sourcecode.swift; path = Question.swift; sourceTree = "<group>"; };
		879EA0B025448A1A00585328 /* QuestionGroup.swift */ = {isa = PBXFileReference; lastKnownFileType = sourcecode.swift; path = QuestionGroup.swift; sourceTree = "<group>"; };
		879EA0B325448A7500585328 /* QuestionGroupData.swift */ = {isa = PBXFileReference; fileEncoding = 4; lastKnownFileType = sourcecode.swift; path = QuestionGroupData.swift; sourceTree = "<group>"; };
		879EA0B725448A8200585328 /* Assets.xcassets */ = {isa = PBXFileReference; lastKnownFileType = folder.assetcatalog; path = Assets.xcassets; sourceTree = "<group>"; };
		879EA0BB25448ABD00585328 /* LaunchScreen.storyboard */ = {isa = PBXFileReference; fileEncoding = 4; lastKnownFileType = file.storyboard; path = LaunchScreen.storyboard; sourceTree = "<group>"; };
/* End PBXFileReference section */

/* Begin PBXFrameworksBuildPhase section */
		879EA089254487BF00585328 /* Frameworks */ = {
			isa = PBXFrameworksBuildPhase;
			buildActionMask = 2147483647;
			files = (
			);
			runOnlyForDeploymentPostprocessing = 0;
		};
/* End PBXFrameworksBuildPhase section */

/* Begin PBXGroup section */
		879EA083254487BF00585328 = {
			isa = PBXGroup;
			children = (
				879EA08E254487BF00585328 /* RabbleWabble */,
				879EA08D254487BF00585328 /* Products */,
			);
			sourceTree = "<group>";
		};
		879EA08D254487BF00585328 /* Products */ = {
			isa = PBXGroup;
			children = (
				879EA08C254487BF00585328 /* RabbleWabble.app */,
			);
			name = Products;
			sourceTree = "<group>";
		};
		879EA08E254487BF00585328 /* RabbleWabble */ = {
			isa = PBXGroup;
			children = (
				879EA0A6254488F500585328 /* AppDelegate */,
				879EA0A5254488EC00585328 /* Controllers */,
				879EA0A7254488FD00585328 /* Models */,
				879EA0A82544890300585328 /* Resources */,
				879EA0AA2544891100585328 /* Views */,
			);
			path = RabbleWabble;
			sourceTree = "<group>";
		};
		879EA0A5254488EC00585328 /* Controllers */ = {
			isa = PBXGroup;
			children = (
				879EA093254487BF00585328 /* QuestionViewController.swift */,
			);
			path = Controllers;
			sourceTree = "<group>";
		};
		879EA0A6254488F500585328 /* AppDelegate */ = {
			isa = PBXGroup;
			children = (
				879EA08F254487BF00585328 /* AppDelegate.swift */,
			);
			path = AppDelegate;
			sourceTree = "<group>";
		};
		879EA0A7254488FD00585328 /* Models */ = {
			isa = PBXGroup;
			children = (
				879EA0B325448A7500585328 /* QuestionGroupData.swift */,
				879EA0AD254489F300585328 /* Question.swift */,
				879EA0B025448A1A00585328 /* QuestionGroup.swift */,
			);
			path = Models;
			sourceTree = "<group>";
		};
		879EA0A82544890300585328 /* Resources */ = {
			isa = PBXGroup;
			children = (
				879EA0B725448A8200585328 /* Assets.xcassets */,
				879EA09D254487C000585328 /* Info.plist */,
			);
			path = Resources;
			sourceTree = "<group>";
		};
		879EA0AA2544891100585328 /* Views */ = {
			isa = PBXGroup;
			children = (
				879EA0BB25448ABD00585328 /* LaunchScreen.storyboard */,
				879EA095254487BF00585328 /* Main.storyboard */,
			);
			path = Views;
			sourceTree = "<group>";
		};
/* End PBXGroup section */

/* Begin PBXNativeTarget section */
		879EA08B254487BF00585328 /* RabbleWabble */ = {
			isa = PBXNativeTarget;
			buildConfigurationList = 879EA0A0254487C000585328 /* Build configuration list for PBXNativeTarget "RabbleWabble" */;
			buildPhases = (
				879EA088254487BF00585328 /* Sources */,
				879EA089254487BF00585328 /* Frameworks */,
				879EA08A254487BF00585328 /* Resources */,
			);
			buildRules = (
			);
			dependencies = (
			);
			name = RabbleWabble;
			productName = RabbleWabble;
			productReference = 879EA08C254487BF00585328 /* RabbleWabble.app */;
			productType = "com.apple.product-type.application";
		};
/* End PBXNativeTarget section */

/* Begin PBXProject section */
		879EA084254487BF00585328 /* Project object */ = {
			isa = PBXProject;
			attributes = {
				LastSwiftUpdateCheck = 1200;
				LastUpgradeCheck = 1200;
				TargetAttributes = {
					879EA08B254487BF00585328 = {
						CreatedOnToolsVersion = 12.0.1;
					};
				};
			};
			buildConfigurationList = 879EA087254487BF00585328 /* Build configuration list for PBXProject "RabbleWabble" */;
			compatibilityVersion = "Xcode 9.3";
			developmentRegion = en;
			hasScannedForEncodings = 0;
			knownRegions = (
				en,
				Base,
			);
			mainGroup = 879EA083254487BF00585328;
			productRefGroup = 879EA08D254487BF00585328 /* Products */;
			projectDirPath = "";
			projectRoot = "";
			targets = (
				879EA08B254487BF00585328 /* RabbleWabble */,
			);
		};
/* End PBXProject section */

/* Begin PBXResourcesBuildPhase section */
		879EA08A254487BF00585328 /* Resources */ = {
			isa = PBXResourcesBuildPhase;
			buildActionMask = 2147483647;
			files = (
				879EA0BC25448ABD00585328 /* LaunchScreen.storyboard in Resources */,
				879EA0B825448A8200585328 /* Assets.xcassets in Resources */,
				879EA097254487BF00585328 /* Main.storyboard in Resources */,
			);
			runOnlyForDeploymentPostprocessing = 0;
		};
/* End PBXResourcesBuildPhase section */

/* Begin PBXSourcesBuildPhase section */
		879EA088254487BF00585328 /* Sources */ = {
			isa = PBXSourcesBuildPhase;
			buildActionMask = 2147483647;
			files = (
				879EA0AE254489F300585328 /* Question.swift in Sources */,
				879EA094254487BF00585328 /* QuestionViewController.swift in Sources */,
				879EA090254487BF00585328 /* AppDelegate.swift in Sources */,
				879EA0B125448A1A00585328 /* QuestionGroup.swift in Sources */,
				879EA0B425448A7500585328 /* QuestionGroupData.swift in Sources */,
			);
			runOnlyForDeploymentPostprocessing = 0;
		};
/* End PBXSourcesBuildPhase section */

/* Begin PBXVariantGroup section */
		879EA095254487BF00585328 /* Main.storyboard */ = {
			isa = PBXVariantGroup;
			children = (
				879EA096254487BF00585328 /* Base */,
			);
			name = Main.storyboard;
			sourceTree = "<group>";
		};
/* End PBXVariantGroup section */

/* Begin XCBuildConfiguration section */
		879EA09E254487C000585328 /* Debug */ = {
			isa = XCBuildConfiguration;
			buildSettings = {
				ALWAYS_SEARCH_USER_PATHS = NO;
				CLANG_ANALYZER_NONNULL = YES;
				CLANG_ANALYZER_NUMBER_OBJECT_CONVERSION = YES_AGGRESSIVE;
				CLANG_CXX_LANGUAGE_STANDARD = "gnu++14";
				CLANG_CXX_LIBRARY = "libc++";
				CLANG_ENABLE_MODULES = YES;
				CLANG_ENABLE_OBJC_ARC = YES;
				CLANG_ENABLE_OBJC_WEAK = YES;
				CLANG_WARN_BLOCK_CAPTURE_AUTORELEASING = YES;
				CLANG_WARN_BOOL_CONVERSION = YES;
				CLANG_WARN_COMMA = YES;
				CLANG_WARN_CONSTANT_CONVERSION = YES;
				CLANG_WARN_DEPRECATED_OBJC_IMPLEMENTATIONS = YES;
				CLANG_WARN_DIRECT_OBJC_ISA_USAGE = YES_ERROR;
				CLANG_WARN_DOCUMENTATION_COMMENTS = YES;
				CLANG_WARN_EMPTY_BODY = YES;
				CLANG_WARN_ENUM_CONVERSION = YES;
				CLANG_WARN_INFINITE_RECURSION = YES;
				CLANG_WARN_INT_CONVERSION = YES;
				CLANG_WARN_NON_LITERAL_NULL_CONVERSION = YES;
				CLANG_WARN_OBJC_IMPLICIT_RETAIN_SELF = YES;
				CLANG_WARN_OBJC_LITERAL_CONVERSION = YES;
				CLANG_WARN_OBJC_ROOT_CLASS = YES_ERROR;
				CLANG_WARN_QUOTED_INCLUDE_IN_FRAMEWORK_HEADER = YES;
				CLANG_WARN_RANGE_LOOP_ANALYSIS = YES;
				CLANG_WARN_STRICT_PROTOTYPES = YES;
				CLANG_WARN_SUSPICIOUS_MOVE = YES;
				CLANG_WARN_UNGUARDED_AVAILABILITY = YES_AGGRESSIVE;
				CLANG_WARN_UNREACHABLE_CODE = YES;
				CLANG_WARN__DUPLICATE_METHOD_MATCH = YES;
				COPY_PHASE_STRIP = NO;
				DEBUG_INFORMATION_FORMAT = dwarf;
				ENABLE_STRICT_OBJC_MSGSEND = YES;
				ENABLE_TESTABILITY = YES;
				GCC_C_LANGUAGE_STANDARD = gnu11;
				GCC_DYNAMIC_NO_PIC = NO;
				GCC_NO_COMMON_BLOCKS = YES;
				GCC_OPTIMIZATION_LEVEL = 0;
				GCC_PREPROCESSOR_DEFINITIONS = (
					"DEBUG=1",
					"$(inherited)",
				);
				GCC_WARN_64_TO_32_BIT_CONVERSION = YES;
				GCC_WARN_ABOUT_RETURN_TYPE = YES_ERROR;
				GCC_WARN_UNDECLARED_SELECTOR = YES;
				GCC_WARN_UNINITIALIZED_AUTOS = YES_AGGRESSIVE;
				GCC_WARN_UNUSED_FUNCTION = YES;
				GCC_WARN_UNUSED_VARIABLE = YES;
				IPHONEOS_DEPLOYMENT_TARGET = 14.0;
				MTL_ENABLE_DEBUG_INFO = INCLUDE_SOURCE;
				MTL_FAST_MATH = YES;
				ONLY_ACTIVE_ARCH = YES;
				SDKROOT = iphoneos;
				SWIFT_ACTIVE_COMPILATION_CONDITIONS = DEBUG;
				SWIFT_OPTIMIZATION_LEVEL = "-Onone";
			};
			name = Debug;
		};
		879EA09F254487C000585328 /* Release */ = {
			isa = XCBuildConfiguration;
			buildSettings = {
				ALWAYS_SEARCH_USER_PATHS = NO;
				CLANG_ANALYZER_NONNULL = YES;
				CLANG_ANALYZER_NUMBER_OBJECT_CONVERSION = YES_AGGRESSIVE;
				CLANG_CXX_LANGUAGE_STANDARD = "gnu++14";
				CLANG_CXX_LIBRARY = "libc++";
				CLANG_ENABLE_MODULES = YES;
				CLANG_ENABLE_OBJC_ARC = YES;
				CLANG_ENABLE_OBJC_WEAK = YES;
				CLANG_WARN_BLOCK_CAPTURE_AUTORELEASING = YES;
				CLANG_WARN_BOOL_CONVERSION = YES;
				CLANG_WARN_COMMA = YES;
				CLANG_WARN_CONSTANT_CONVERSION = YES;
				CLANG_WARN_DEPRECATED_OBJC_IMPLEMENTATIONS = YES;
				CLANG_WARN_DIRECT_OBJC_ISA_USAGE = YES_ERROR;
				CLANG_WARN_DOCUMENTATION_COMMENTS = YES;
				CLANG_WARN_EMPTY_BODY = YES;
				CLANG_WARN_ENUM_CONVERSION = YES;
				CLANG_WARN_INFINITE_RECURSION = YES;
				CLANG_WARN_INT_CONVERSION = YES;
				CLANG_WARN_NON_LITERAL_NULL_CONVERSION = YES;
				CLANG_WARN_OBJC_IMPLICIT_RETAIN_SELF = YES;
				CLANG_WARN_OBJC_LITERAL_CONVERSION = YES;
				CLANG_WARN_OBJC_ROOT_CLASS = YES_ERROR;
				CLANG_WARN_QUOTED_INCLUDE_IN_FRAMEWORK_HEADER = YES;
				CLANG_WARN_RANGE_LOOP_ANALYSIS = YES;
				CLANG_WARN_STRICT_PROTOTYPES = YES;
				CLANG_WARN_SUSPICIOUS_MOVE = YES;
				CLANG_WARN_UNGUARDED_AVAILABILITY = YES_AGGRESSIVE;
				CLANG_WARN_UNREACHABLE_CODE = YES;
				CLANG_WARN__DUPLICATE_METHOD_MATCH = YES;
				COPY_PHASE_STRIP = NO;
				DEBUG_INFORMATION_FORMAT = "dwarf-with-dsym";
				ENABLE_NS_ASSERTIONS = NO;
				ENABLE_STRICT_OBJC_MSGSEND = YES;
				GCC_C_LANGUAGE_STANDARD = gnu11;
				GCC_NO_COMMON_BLOCKS = YES;
				GCC_WARN_64_TO_32_BIT_CONVERSION = YES;
				GCC_WARN_ABOUT_RETURN_TYPE = YES_ERROR;
				GCC_WARN_UNDECLARED_SELECTOR = YES;
				GCC_WARN_UNINITIALIZED_AUTOS = YES_AGGRESSIVE;
				GCC_WARN_UNUSED_FUNCTION = YES;
				GCC_WARN_UNUSED_VARIABLE = YES;
				IPHONEOS_DEPLOYMENT_TARGET = 14.0;
				MTL_ENABLE_DEBUG_INFO = NO;
				MTL_FAST_MATH = YES;
				SDKROOT = iphoneos;
				SWIFT_COMPILATION_MODE = wholemodule;
				SWIFT_OPTIMIZATION_LEVEL = "-O";
				VALIDATE_PRODUCT = YES;
			};
			name = Release;
		};
		879EA0A1254487C000585328 /* Debug */ = {
			isa = XCBuildConfiguration;
			buildSettings = {
				ASSETCATALOG_COMPILER_APPICON_NAME = AppIcon;
				ASSETCATALOG_COMPILER_GLOBAL_ACCENT_COLOR_NAME = "";
				CODE_SIGN_STYLE = Automatic;
				DEVELOPMENT_TEAM = 4XXKKM6SLW;
				INFOPLIST_FILE = RabbleWabble/Resources/Info.plist;
				LD_RUNPATH_SEARCH_PATHS = (
					"$(inherited)",
					"@executable_path/Frameworks",
				);
				PRODUCT_BUNDLE_IDENTIFIER = com.hassan.RabbleWabble;
				PRODUCT_NAME = "$(TARGET_NAME)";
				SWIFT_VERSION = 5.0;
				TARGETED_DEVICE_FAMILY = "1,2";
			};
			name = Debug;
		};
		879EA0A2254487C000585328 /* Release */ = {
			isa = XCBuildConfiguration;
			buildSettings = {
				ASSETCATALOG_COMPILER_APPICON_NAME = AppIcon;
				ASSETCATALOG_COMPILER_GLOBAL_ACCENT_COLOR_NAME = "";
				CODE_SIGN_STYLE = Automatic;
				DEVELOPMENT_TEAM = 4XXKKM6SLW;
				INFOPLIST_FILE = RabbleWabble/Resources/Info.plist;
				LD_RUNPATH_SEARCH_PATHS = (
					"$(inherited)",
					"@executable_path/Frameworks",
				);
				PRODUCT_BUNDLE_IDENTIFIER = com.hassan.RabbleWabble;
				PRODUCT_NAME = "$(TARGET_NAME)";
				SWIFT_VERSION = 5.0;
				TARGETED_DEVICE_FAMILY = "1,2";
			};
			name = Release;
		};
/* End XCBuildConfiguration section */

/* Begin XCConfigurationList section */
		879EA087254487BF00585328 /* Build configuration list for PBXProject "RabbleWabble" */ = {
			isa = XCConfigurationList;
			buildConfigurations = (
				879EA09E254487C000585328 /* Debug */,
				879EA09F254487C000585328 /* Release */,
			);
			defaultConfigurationIsVisible = 0;
			defaultConfigurationName = Release;
		};
		879EA0A0254487C000585328 /* Build configuration list for PBXNativeTarget "RabbleWabble" */ = {
			isa = XCConfigurationList;
			buildConfigurations = (
				879EA0A1254487C000585328 /* Debug */,
				879EA0A2254487C000585328 /* Release */,
			);
			defaultConfigurationIsVisible = 0;
			defaultConfigurationName = Release;
		};
/* End XCConfigurationList section */
	};
	rootObject = 879EA084254487BF00585328 /* Project object */;
}
